// !$*UTF8*$!
{
	archiveVersion = 1;
	classes = {
	};
	objectVersion = 56;
	objects = {

/* Begin PBXBuildFile section */
		4CD73DD92BFF28C80063748E /* xChatApp.swift in Sources */ = {isa = PBXBuildFile; fileRef = 4CD73DD82BFF28C80063748E /* xChatApp.swift */; };
		4CD73DDB2BFF28C80063748E /* ContentView.swift in Sources */ = {isa = PBXBuildFile; fileRef = 4CD73DDA2BFF28C80063748E /* ContentView.swift */; };
		4CD73DDD2BFF28CA0063748E /* Assets.xcassets in Resources */ = {isa = PBXBuildFile; fileRef = 4CD73DDC2BFF28CA0063748E /* Assets.xcassets */; };
		4CD73DE02BFF28CA0063748E /* Preview Assets.xcassets in Resources */ = {isa = PBXBuildFile; fileRef = 4CD73DDF2BFF28CA0063748E /* Preview Assets.xcassets */; };
		4CD73DED2BFF29870063748E /* LoginView.swift in Sources */ = {isa = PBXBuildFile; fileRef = 4CD73DEC2BFF29870063748E /* LoginView.swift */; };
		4CD73DEF2BFF29910063748E /* RegistrationView.swift in Sources */ = {isa = PBXBuildFile; fileRef = 4CD73DEE2BFF29910063748E /* RegistrationView.swift */; };
		4CD73DF32BFF2FF40063748E /* DismissKeyboardOnTapGesture.swift in Sources */ = {isa = PBXBuildFile; fileRef = 4CD73DF22BFF2FF40063748E /* DismissKeyboardOnTapGesture.swift */; };
		4CD73DF62BFF39AC0063748E /* CustomTextFieldView.swift in Sources */ = {isa = PBXBuildFile; fileRef = 4CD73DF52BFF39AC0063748E /* CustomTextFieldView.swift */; };
/* End PBXBuildFile section */

/* Begin PBXFileReference section */
		4CD73DD52BFF28C80063748E /* xChat.app */ = {isa = PBXFileReference; explicitFileType = wrapper.application; includeInIndex = 0; path = xChat.app; sourceTree = BUILT_PRODUCTS_DIR; };
		4CD73DD82BFF28C80063748E /* xChatApp.swift */ = {isa = PBXFileReference; lastKnownFileType = sourcecode.swift; path = xChatApp.swift; sourceTree = "<group>"; };
		4CD73DDA2BFF28C80063748E /* ContentView.swift */ = {isa = PBXFileReference; lastKnownFileType = sourcecode.swift; path = ContentView.swift; sourceTree = "<group>"; };
		4CD73DDC2BFF28CA0063748E /* Assets.xcassets */ = {isa = PBXFileReference; lastKnownFileType = folder.assetcatalog; path = Assets.xcassets; sourceTree = "<group>"; };
		4CD73DDF2BFF28CA0063748E /* Preview Assets.xcassets */ = {isa = PBXFileReference; lastKnownFileType = folder.assetcatalog; path = "Preview Assets.xcassets"; sourceTree = "<group>"; };
		4CD73DEC2BFF29870063748E /* LoginView.swift */ = {isa = PBXFileReference; lastKnownFileType = sourcecode.swift; path = LoginView.swift; sourceTree = "<group>"; };
		4CD73DEE2BFF29910063748E /* RegistrationView.swift */ = {isa = PBXFileReference; lastKnownFileType = sourcecode.swift; path = RegistrationView.swift; sourceTree = "<group>"; };
		4CD73DF22BFF2FF40063748E /* DismissKeyboardOnTapGesture.swift */ = {isa = PBXFileReference; lastKnownFileType = sourcecode.swift; path = DismissKeyboardOnTapGesture.swift; sourceTree = "<group>"; };
		4CD73DF52BFF39AC0063748E /* CustomTextFieldView.swift */ = {isa = PBXFileReference; lastKnownFileType = sourcecode.swift; path = CustomTextFieldView.swift; sourceTree = "<group>"; };
/* End PBXFileReference section */

/* Begin PBXFrameworksBuildPhase section */
		4CD73DD22BFF28C80063748E /* Frameworks */ = {
			isa = PBXFrameworksBuildPhase;
			buildActionMask = 2147483647;
			files = (
			);
			runOnlyForDeploymentPostprocessing = 0;
		};
/* End PBXFrameworksBuildPhase section */

/* Begin PBXGroup section */
		4CD73DCC2BFF28C80063748E = {
			isa = PBXGroup;
			children = (
				4CD73DD72BFF28C80063748E /* xChat */,
				4CD73DD62BFF28C80063748E /* Products */,
			);
			sourceTree = "<group>";
		};
		4CD73DD62BFF28C80063748E /* Products */ = {
			isa = PBXGroup;
			children = (
				4CD73DD52BFF28C80063748E /* xChat.app */,
			);
			name = Products;
			sourceTree = "<group>";
		};
		4CD73DD72BFF28C80063748E /* xChat */ = {
			isa = PBXGroup;
			children = (
				4CD73DEA2BFF293D0063748E /* Model */,
				4CD73DE92BFF293B0063748E /* View */,
				4CD73DE82BFF29390063748E /* ViewModel */,
				4CD73DE72BFF29370063748E /* API */,
				4CD73DE62BFF29330063748E /* Utils */,
				4CD73DD82BFF28C80063748E /* xChatApp.swift */,
				4CD73DDA2BFF28C80063748E /* ContentView.swift */,
				4CD73DDC2BFF28CA0063748E /* Assets.xcassets */,
				4CD73DDE2BFF28CA0063748E /* Preview Content */,
			);
			path = xChat;
			sourceTree = "<group>";
		};
		4CD73DDE2BFF28CA0063748E /* Preview Content */ = {
			isa = PBXGroup;
			children = (
				4CD73DDF2BFF28CA0063748E /* Preview Assets.xcassets */,
			);
			path = "Preview Content";
			sourceTree = "<group>";
		};
		4CD73DE62BFF29330063748E /* Utils */ = {
			isa = PBXGroup;
			children = (
			);
			path = Utils;
			sourceTree = "<group>";
		};
		4CD73DE72BFF29370063748E /* API */ = {
			isa = PBXGroup;
			children = (
			);
			path = API;
			sourceTree = "<group>";
		};
		4CD73DE82BFF29390063748E /* ViewModel */ = {
			isa = PBXGroup;
			children = (
			);
			path = ViewModel;
			sourceTree = "<group>";
		};
		4CD73DE92BFF293B0063748E /* View */ = {
			isa = PBXGroup;
			children = (
				4CD73DF02BFF2FC00063748E /* Common */,
				4CD73DEB2BFF29700063748E /* Authentication */,
			);
			path = View;
			sourceTree = "<group>";
		};
		4CD73DEA2BFF293D0063748E /* Model */ = {
			isa = PBXGroup;
			children = (
			);
			path = Model;
			sourceTree = "<group>";
		};
		4CD73DEB2BFF29700063748E /* Authentication */ = {
			isa = PBXGroup;
			children = (
				4CD73DEC2BFF29870063748E /* LoginView.swift */,
				4CD73DEE2BFF29910063748E /* RegistrationView.swift */,
			);
			path = Authentication;
			sourceTree = "<group>";
		};
		4CD73DF02BFF2FC00063748E /* Common */ = {
			isa = PBXGroup;
			children = (
				4CD73DF42BFF398E0063748E /* CustomTextField */,
				4CD73DF12BFF2FCB0063748E /* ViewModifier */,
			);
			path = Common;
			sourceTree = "<group>";
		};
		4CD73DF12BFF2FCB0063748E /* ViewModifier */ = {
			isa = PBXGroup;
			children = (
				4CD73DF22BFF2FF40063748E /* DismissKeyboardOnTapGesture.swift */,
			);
			path = ViewModifier;
			sourceTree = "<group>";
		};
		4CD73DF42BFF398E0063748E /* CustomTextField */ = {
			isa = PBXGroup;
			children = (
				4CD73DF52BFF39AC0063748E /* CustomTextFieldView.swift */,
			);
			path = CustomTextField;
			sourceTree = "<group>";
		};
/* End PBXGroup section */

/* Begin PBXNativeTarget section */
		4CD73DD42BFF28C80063748E /* xChat */ = {
			isa = PBXNativeTarget;
			buildConfigurationList = 4CD73DE32BFF28CA0063748E /* Build configuration list for PBXNativeTarget "xChat" */;
			buildPhases = (
				4CD73DD12BFF28C80063748E /* Sources */,
				4CD73DD22BFF28C80063748E /* Frameworks */,
				4CD73DD32BFF28C80063748E /* Resources */,
			);
			buildRules = (
			);
			dependencies = (
			);
			name = xChat;
			productName = xChat;
			productReference = 4CD73DD52BFF28C80063748E /* xChat.app */;
			productType = "com.apple.product-type.application";
		};
/* End PBXNativeTarget section */

/* Begin PBXProject section */
		4CD73DCD2BFF28C80063748E /* Project object */ = {
			isa = PBXProject;
			attributes = {
				BuildIndependentTargetsInParallel = 1;
				LastSwiftUpdateCheck = 1500;
				LastUpgradeCheck = 1500;
				TargetAttributes = {
					4CD73DD42BFF28C80063748E = {
						CreatedOnToolsVersion = 15.0;
					};
				};
			};
			buildConfigurationList = 4CD73DD02BFF28C80063748E /* Build configuration list for PBXProject "xChat" */;
			compatibilityVersion = "Xcode 14.0";
			developmentRegion = en;
			hasScannedForEncodings = 0;
			knownRegions = (
				en,
				Base,
			);
			mainGroup = 4CD73DCC2BFF28C80063748E;
			productRefGroup = 4CD73DD62BFF28C80063748E /* Products */;
			projectDirPath = "";
			projectRoot = "";
			targets = (
				4CD73DD42BFF28C80063748E /* xChat */,
			);
		};
/* End PBXProject section */

/* Begin PBXResourcesBuildPhase section */
		4CD73DD32BFF28C80063748E /* Resources */ = {
			isa = PBXResourcesBuildPhase;
			buildActionMask = 2147483647;
			files = (
				4CD73DE02BFF28CA0063748E /* Preview Assets.xcassets in Resources */,
				4CD73DDD2BFF28CA0063748E /* Assets.xcassets in Resources */,
			);
			runOnlyForDeploymentPostprocessing = 0;
		};
/* End PBXResourcesBuildPhase section */

/* Begin PBXSourcesBuildPhase section */
		4CD73DD12BFF28C80063748E /* Sources */ = {
			isa = PBXSourcesBuildPhase;
			buildActionMask = 2147483647;
			files = (
				4CD73DED2BFF29870063748E /* LoginView.swift in Sources */,
				4CD73DDB2BFF28C80063748E /* ContentView.swift in Sources */,
				4CD73DD92BFF28C80063748E /* xChatApp.swift in Sources */,
				4CD73DF32BFF2FF40063748E /* DismissKeyboardOnTapGesture.swift in Sources */,
				4CD73DEF2BFF29910063748E /* RegistrationView.swift in Sources */,
				4CD73DF62BFF39AC0063748E /* CustomTextFieldView.swift in Sources */,
			);
			runOnlyForDeploymentPostprocessing = 0;
		};
/* End PBXSourcesBuildPhase section */

/* Begin XCBuildConfiguration section */
		4CD73DE12BFF28CA0063748E /* Debug */ = {
			isa = XCBuildConfiguration;
			buildSettings = {
				ALWAYS_SEARCH_USER_PATHS = NO;
				ASSETCATALOG_COMPILER_GENERATE_SWIFT_ASSET_SYMBOL_EXTENSIONS = YES;
				CLANG_ANALYZER_NONNULL = YES;
				CLANG_ANALYZER_NUMBER_OBJECT_CONVERSION = YES_AGGRESSIVE;
				CLANG_CXX_LANGUAGE_STANDARD = "gnu++20";
				CLANG_ENABLE_MODULES = YES;
				CLANG_ENABLE_OBJC_ARC = YES;
				CLANG_ENABLE_OBJC_WEAK = YES;
				CLANG_WARN_BLOCK_CAPTURE_AUTORELEASING = YES;
				CLANG_WARN_BOOL_CONVERSION = YES;
				CLANG_WARN_COMMA = YES;
				CLANG_WARN_CONSTANT_CONVERSION = YES;
				CLANG_WARN_DEPRECATED_OBJC_IMPLEMENTATIONS = YES;
				CLANG_WARN_DIRECT_OBJC_ISA_USAGE = YES_ERROR;
				CLANG_WARN_DOCUMENTATION_COMMENTS = YES;
				CLANG_WARN_EMPTY_BODY = YES;
				CLANG_WARN_ENUM_CONVERSION = YES;
				CLANG_WARN_INFINITE_RECURSION = YES;
				CLANG_WARN_INT_CONVERSION = YES;
				CLANG_WARN_NON_LITERAL_NULL_CONVERSION = YES;
				CLANG_WARN_OBJC_IMPLICIT_RETAIN_SELF = YES;
				CLANG_WARN_OBJC_LITERAL_CONVERSION = YES;
				CLANG_WARN_OBJC_ROOT_CLASS = YES_ERROR;
				CLANG_WARN_QUOTED_INCLUDE_IN_FRAMEWORK_HEADER = YES;
				CLANG_WARN_RANGE_LOOP_ANALYSIS = YES;
				CLANG_WARN_STRICT_PROTOTYPES = YES;
				CLANG_WARN_SUSPICIOUS_MOVE = YES;
				CLANG_WARN_UNGUARDED_AVAILABILITY = YES_AGGRESSIVE;
				CLANG_WARN_UNREACHABLE_CODE = YES;
				CLANG_WARN__DUPLICATE_METHOD_MATCH = YES;
				COPY_PHASE_STRIP = NO;
				DEBUG_INFORMATION_FORMAT = dwarf;
				ENABLE_STRICT_OBJC_MSGSEND = YES;
				ENABLE_TESTABILITY = YES;
				ENABLE_USER_SCRIPT_SANDBOXING = YES;
				GCC_C_LANGUAGE_STANDARD = gnu17;
				GCC_DYNAMIC_NO_PIC = NO;
				GCC_NO_COMMON_BLOCKS = YES;
				GCC_OPTIMIZATION_LEVEL = 0;
				GCC_PREPROCESSOR_DEFINITIONS = (
					"DEBUG=1",
					"$(inherited)",
				);
				GCC_WARN_64_TO_32_BIT_CONVERSION = YES;
				GCC_WARN_ABOUT_RETURN_TYPE = YES_ERROR;
				GCC_WARN_UNDECLARED_SELECTOR = YES;
				GCC_WARN_UNINITIALIZED_AUTOS = YES_AGGRESSIVE;
				GCC_WARN_UNUSED_FUNCTION = YES;
				GCC_WARN_UNUSED_VARIABLE = YES;
				IPHONEOS_DEPLOYMENT_TARGET = 17.0;
				LOCALIZATION_PREFERS_STRING_CATALOGS = YES;
				MTL_ENABLE_DEBUG_INFO = INCLUDE_SOURCE;
				MTL_FAST_MATH = YES;
				ONLY_ACTIVE_ARCH = YES;
				SDKROOT = iphoneos;
				SWIFT_ACTIVE_COMPILATION_CONDITIONS = "DEBUG $(inherited)";
				SWIFT_OPTIMIZATION_LEVEL = "-Onone";
			};
			name = Debug;
		};
		4CD73DE22BFF28CA0063748E /* Release */ = {
			isa = XCBuildConfiguration;
			buildSettings = {
				ALWAYS_SEARCH_USER_PATHS = NO;
				ASSETCATALOG_COMPILER_GENERATE_SWIFT_ASSET_SYMBOL_EXTENSIONS = YES;
				CLANG_ANALYZER_NONNULL = YES;
				CLANG_ANALYZER_NUMBER_OBJECT_CONVERSION = YES_AGGRESSIVE;
				CLANG_CXX_LANGUAGE_STANDARD = "gnu++20";
				CLANG_ENABLE_MODULES = YES;
				CLANG_ENABLE_OBJC_ARC = YES;
				CLANG_ENABLE_OBJC_WEAK = YES;
				CLANG_WARN_BLOCK_CAPTURE_AUTORELEASING = YES;
				CLANG_WARN_BOOL_CONVERSION = YES;
				CLANG_WARN_COMMA = YES;
				CLANG_WARN_CONSTANT_CONVERSION = YES;
				CLANG_WARN_DEPRECATED_OBJC_IMPLEMENTATIONS = YES;
				CLANG_WARN_DIRECT_OBJC_ISA_USAGE = YES_ERROR;
				CLANG_WARN_DOCUMENTATION_COMMENTS = YES;
				CLANG_WARN_EMPTY_BODY = YES;
				CLANG_WARN_ENUM_CONVERSION = YES;
				CLANG_WARN_INFINITE_RECURSION = YES;
				CLANG_WARN_INT_CONVERSION = YES;
				CLANG_WARN_NON_LITERAL_NULL_CONVERSION = YES;
				CLANG_WARN_OBJC_IMPLICIT_RETAIN_SELF = YES;
				CLANG_WARN_OBJC_LITERAL_CONVERSION = YES;
				CLANG_WARN_OBJC_ROOT_CLASS = YES_ERROR;
				CLANG_WARN_QUOTED_INCLUDE_IN_FRAMEWORK_HEADER = YES;
				CLANG_WARN_RANGE_LOOP_ANALYSIS = YES;
				CLANG_WARN_STRICT_PROTOTYPES = YES;
				CLANG_WARN_SUSPICIOUS_MOVE = YES;
				CLANG_WARN_UNGUARDED_AVAILABILITY = YES_AGGRESSIVE;
				CLANG_WARN_UNREACHABLE_CODE = YES;
				CLANG_WARN__DUPLICATE_METHOD_MATCH = YES;
				COPY_PHASE_STRIP = NO;
				DEBUG_INFORMATION_FORMAT = "dwarf-with-dsym";
				ENABLE_NS_ASSERTIONS = NO;
				ENABLE_STRICT_OBJC_MSGSEND = YES;
				ENABLE_USER_SCRIPT_SANDBOXING = YES;
				GCC_C_LANGUAGE_STANDARD = gnu17;
				GCC_NO_COMMON_BLOCKS = YES;
				GCC_WARN_64_TO_32_BIT_CONVERSION = YES;
				GCC_WARN_ABOUT_RETURN_TYPE = YES_ERROR;
				GCC_WARN_UNDECLARED_SELECTOR = YES;
				GCC_WARN_UNINITIALIZED_AUTOS = YES_AGGRESSIVE;
				GCC_WARN_UNUSED_FUNCTION = YES;
				GCC_WARN_UNUSED_VARIABLE = YES;
				IPHONEOS_DEPLOYMENT_TARGET = 17.0;
				LOCALIZATION_PREFERS_STRING_CATALOGS = YES;
				MTL_ENABLE_DEBUG_INFO = NO;
				MTL_FAST_MATH = YES;
				SDKROOT = iphoneos;
				SWIFT_COMPILATION_MODE = wholemodule;
				VALIDATE_PRODUCT = YES;
			};
			name = Release;
		};
		4CD73DE42BFF28CA0063748E /* Debug */ = {
			isa = XCBuildConfiguration;
			buildSettings = {
				ASSETCATALOG_COMPILER_APPICON_NAME = AppIcon;
				ASSETCATALOG_COMPILER_GLOBAL_ACCENT_COLOR_NAME = AccentColor;
				CODE_SIGN_STYLE = Automatic;
				CURRENT_PROJECT_VERSION = 1;
				DEVELOPMENT_ASSET_PATHS = "\"xChat/Preview Content\"";
				DEVELOPMENT_TEAM = P4WXW6TMCC;
				ENABLE_PREVIEWS = YES;
				GENERATE_INFOPLIST_FILE = YES;
				INFOPLIST_KEY_UIApplicationSceneManifest_Generation = YES;
				INFOPLIST_KEY_UIApplicationSupportsIndirectInputEvents = YES;
				INFOPLIST_KEY_UILaunchScreen_Generation = YES;
				INFOPLIST_KEY_UISupportedInterfaceOrientations_iPad = "UIInterfaceOrientationPortrait UIInterfaceOrientationPortraitUpsideDown UIInterfaceOrientationLandscapeLeft UIInterfaceOrientationLandscapeRight";
				INFOPLIST_KEY_UISupportedInterfaceOrientations_iPhone = "UIInterfaceOrientationPortrait UIInterfaceOrientationLandscapeLeft UIInterfaceOrientationLandscapeRight";
				LD_RUNPATH_SEARCH_PATHS = (
					"$(inherited)",
					"@executable_path/Frameworks",
				);
				MARKETING_VERSION = 1.0;
				PRODUCT_BUNDLE_IDENTIFIER = ibhasin.xChat;
				PRODUCT_NAME = "$(TARGET_NAME)";
				SWIFT_EMIT_LOC_STRINGS = YES;
				SWIFT_VERSION = 5.0;
				TARGETED_DEVICE_FAMILY = "1,2";
			};
			name = Debug;
		};
		4CD73DE52BFF28CA0063748E /* Release */ = {
			isa = XCBuildConfiguration;
			buildSettings = {
				ASSETCATALOG_COMPILER_APPICON_NAME = AppIcon;
				ASSETCATALOG_COMPILER_GLOBAL_ACCENT_COLOR_NAME = AccentColor;
				CODE_SIGN_STYLE = Automatic;
				CURRENT_PROJECT_VERSION = 1;
				DEVELOPMENT_ASSET_PATHS = "\"xChat/Preview Content\"";
				DEVELOPMENT_TEAM = P4WXW6TMCC;
				ENABLE_PREVIEWS = YES;
				GENERATE_INFOPLIST_FILE = YES;
				INFOPLIST_KEY_UIApplicationSceneManifest_Generation = YES;
				INFOPLIST_KEY_UIApplicationSupportsIndirectInputEvents = YES;
				INFOPLIST_KEY_UILaunchScreen_Generation = YES;
				INFOPLIST_KEY_UISupportedInterfaceOrientations_iPad = "UIInterfaceOrientationPortrait UIInterfaceOrientationPortraitUpsideDown UIInterfaceOrientationLandscapeLeft UIInterfaceOrientationLandscapeRight";
				INFOPLIST_KEY_UISupportedInterfaceOrientations_iPhone = "UIInterfaceOrientationPortrait UIInterfaceOrientationLandscapeLeft UIInterfaceOrientationLandscapeRight";
				LD_RUNPATH_SEARCH_PATHS = (
					"$(inherited)",
					"@executable_path/Frameworks",
				);
				MARKETING_VERSION = 1.0;
				PRODUCT_BUNDLE_IDENTIFIER = ibhasin.xChat;
				PRODUCT_NAME = "$(TARGET_NAME)";
				SWIFT_EMIT_LOC_STRINGS = YES;
				SWIFT_VERSION = 5.0;
				TARGETED_DEVICE_FAMILY = "1,2";
			};
			name = Release;
		};
/* End XCBuildConfiguration section */

/* Begin XCConfigurationList section */
		4CD73DD02BFF28C80063748E /* Build configuration list for PBXProject "xChat" */ = {
			isa = XCConfigurationList;
			buildConfigurations = (
				4CD73DE12BFF28CA0063748E /* Debug */,
				4CD73DE22BFF28CA0063748E /* Release */,
			);
			defaultConfigurationIsVisible = 0;
			defaultConfigurationName = Release;
		};
		4CD73DE32BFF28CA0063748E /* Build configuration list for PBXNativeTarget "xChat" */ = {
			isa = XCConfigurationList;
			buildConfigurations = (
				4CD73DE42BFF28CA0063748E /* Debug */,
				4CD73DE52BFF28CA0063748E /* Release */,
			);
			defaultConfigurationIsVisible = 0;
			defaultConfigurationName = Release;
		};
/* End XCConfigurationList section */
	};
	rootObject = 4CD73DCD2BFF28C80063748E /* Project object */;
}
